
Microsoft Visual Studio Solution File, Format Version 10.00
# Visual C++ Express 2008
Project("{8BC9CEB8-8B4A-11D0-8D11-00A0C91BC942}") = "_ctp_Md", "_ctp_Md\_ctp_Md.vcproj", "{396D8D99-BFB6-481F-A5F7-D0A113DB5615}"
EndProject
Project("{8BC9CEB8-8B4A-11D0-8D11-00A0C91BC942}") = "_ctp_Trader", "_ctp_Trader\_ctp_Trader.vcproj", "{D6329ECD-8563-467D-B90D-CB91E29EE4FD}"
EndProject
Global
	GlobalSection(SolutionConfigurationPlatforms) = preSolution
		Debug|Win32 = Debug|Win32
		Release|Win32 = Release|Win32
	EndGlobalSection
	GlobalSection(ProjectConfigurationPlatforms) = postSolution
		{396D8D99-BFB6-481F-A5F7-D0A113DB5615}.Debug|Win32.ActiveCfg = Debug|Win32
		{396D8D99-BFB6-481F-A5F7-D0A113DB5615}.Debug|Win32.Build.0 = Debug|Win32
		{396D8D99-BFB6-481F-A5F7-D0A113DB5615}.Release|Win32.ActiveCfg = Release|Win32
		{396D8D99-BFB6-481F-A5F7-D0A113DB5615}.Release|Win32.Build.0 = Release|Win32
		{D6329ECD-8563-467D-B90D-CB91E29EE4FD}.Debug|Win32.ActiveCfg = Debug|Win32
		{D6329ECD-8563-467D-B90D-CB91E29EE4FD}.Debug|Win32.Build.0 = Debug|Win32
		{D6329ECD-8563-467D-B90D-CB91E29EE4FD}.Release|Win32.ActiveCfg = Release|Win32
		{D6329ECD-8563-467D-B90D-CB91E29EE4FD}.Release|Win32.Build.0 = Release|Win32
	EndGlobalSection
	GlobalSection(SolutionProperties) = preSolution
		HideSolutionNode = FALSE
	EndGlobalSection
EndGlobal
